PODS:
  - Alamofire (4.5.0)
  - Alamofire-Gloss (2.1.0):
    - Alamofire-Gloss/Core (= 2.1.0)
  - Alamofire-Gloss/Core (2.1.0):
    - Alamofire (~> 4.0)
    - Gloss (~> 1.0)
  - Gloss (1.2.4)
  - Nimble (7.0.1)
  - Quick (1.1.0)

DEPENDENCIES:
  - Alamofire-Gloss (from `../`)
  - Nimble
  - Quick

EXTERNAL SOURCES:
  Alamofire-Gloss:
    :path: "../"

SPEC CHECKSUMS:
  Alamofire: f28cdffd29de33a7bfa022cbd63ae95a27fae140
  Alamofire-Gloss: 440d0bd3d242628b35ed2f0059b60e88e5cc8d96
  Gloss: 4e036074610fdb993abcb958ebcd7332588e2333
  Nimble: 657d000e11df8aebe27cdaf9d244de7f30ed87f7
  Quick: dafc587e21eed9f4cab3249b9f9015b0b7a7f71d

PODFILE CHECKSUM: 37dde621b6dd0b5b2a7766f2fab975f56fc269fc

COCOAPODS: 1.2.1
