PODS:
  - Alamofire (4.0.1)
  - Alamofire-Gloss (2.0.0):
    - Alamofire-Gloss/Core (= 2.0.0)
  - Alamofire-Gloss/Core (2.0.0):
    - Alamofire (~> 4.0)
    - Gloss (~> 1.0)
  - Gloss (1.0.0)
  - Nimble (5.0.0)
  - Quick (0.10.0)

DEPENDENCIES:
  - Alamofire-Gloss (from `../`)
  - Nimble
  - Quick

EXTERNAL SOURCES:
  Alamofire-Gloss:
    :path: "../"

SPEC CHECKSUMS:
  Alamofire: 7682d43245de14874acd142ec137b144aa1dd335
  Alamofire-Gloss: dea192a13e23d323415e80e9b18d53915fd484bf
  Gloss: 014789e9e69ca18f127eacca999f4c9b0bff6d58
  Nimble: 56fc9f5020effa2206de22c3dd910f4fb011b92f
  Quick: 5d290df1c69d5ee2f0729956dcf0fd9a30447eaa

PODFILE CHECKSUM: 37dde621b6dd0b5b2a7766f2fab975f56fc269fc

COCOAPODS: 1.1.0.rc.2
