// !$*UTF8*$!
{
	archiveVersion = 1;
	classes = {
	};
	objectVersion = 46;
	objects = {

/* Begin PBXBuildFile section */
		5341395C6675957AEE155E98 /* Pods_Demo.framework in Frameworks */ = {isa = PBXBuildFile; fileRef = 6C9252637B9D1E618B730E05 /* Pods_Demo.framework */; };
		9A8B5FD4D2AA7CB7B5652739 /* Pods_Tests.framework in Frameworks */ = {isa = PBXBuildFile; fileRef = F05EF961B46375D5047FBE8E /* Pods_Tests.framework */; };
		B091815A1D35B90C00B50DF2 /* AppDelegate.swift in Sources */ = {isa = PBXBuildFile; fileRef = B09181591D35B90C00B50DF2 /* AppDelegate.swift */; };
		B091815C1D35B90C00B50DF2 /* ViewController.swift in Sources */ = {isa = PBXBuildFile; fileRef = B091815B1D35B90C00B50DF2 /* ViewController.swift */; };
		B091815F1D35B90C00B50DF2 /* Main.storyboard in Resources */ = {isa = PBXBuildFile; fileRef = B091815D1D35B90C00B50DF2 /* Main.storyboard */; };
		B09181611D35B90C00B50DF2 /* Assets.xcassets in Resources */ = {isa = PBXBuildFile; fileRef = B09181601D35B90C00B50DF2 /* Assets.xcassets */; };
		B09181641D35B90C00B50DF2 /* LaunchScreen.storyboard in Resources */ = {isa = PBXBuildFile; fileRef = B09181621D35B90C00B50DF2 /* LaunchScreen.storyboard */; };
		B09181721D35B9C700B50DF2 /* Tests.swift in Sources */ = {isa = PBXBuildFile; fileRef = B09181711D35B9C700B50DF2 /* Tests.swift */; };
		B091817C1D35C37F00B50DF2 /* Person.swift in Sources */ = {isa = PBXBuildFile; fileRef = B091817B1D35C37F00B50DF2 /* Person.swift */; };
/* End PBXBuildFile section */

/* Begin PBXContainerItemProxy section */
		B09181741D35B9C700B50DF2 /* PBXContainerItemProxy */ = {
			isa = PBXContainerItemProxy;
			containerPortal = B091814E1D35B90C00B50DF2 /* Project object */;
			proxyType = 1;
			remoteGlobalIDString = B09181551D35B90C00B50DF2;
			remoteInfo = Demo;
		};
/* End PBXContainerItemProxy section */

/* Begin PBXFileReference section */
		0E4F0903DD1E1C9D3A0A3F14 /* Pods-Tests.debug.xcconfig */ = {isa = PBXFileReference; includeInIndex = 1; lastKnownFileType = text.xcconfig; name = "Pods-Tests.debug.xcconfig"; path = "Pods/Target Support Files/Pods-Tests/Pods-Tests.debug.xcconfig"; sourceTree = "<group>"; };
		6C9252637B9D1E618B730E05 /* Pods_Demo.framework */ = {isa = PBXFileReference; explicitFileType = wrapper.framework; includeInIndex = 0; path = Pods_Demo.framework; sourceTree = BUILT_PRODUCTS_DIR; };
		75F3CAB6ED10AF45EDB239ED /* Pods-Demo.debug.xcconfig */ = {isa = PBXFileReference; includeInIndex = 1; lastKnownFileType = text.xcconfig; name = "Pods-Demo.debug.xcconfig"; path = "Pods/Target Support Files/Pods-Demo/Pods-Demo.debug.xcconfig"; sourceTree = "<group>"; };
		B09181561D35B90C00B50DF2 /* Demo.app */ = {isa = PBXFileReference; explicitFileType = wrapper.application; includeInIndex = 0; path = Demo.app; sourceTree = BUILT_PRODUCTS_DIR; };
		B09181591D35B90C00B50DF2 /* AppDelegate.swift */ = {isa = PBXFileReference; lastKnownFileType = sourcecode.swift; path = AppDelegate.swift; sourceTree = "<group>"; };
		B091815B1D35B90C00B50DF2 /* ViewController.swift */ = {isa = PBXFileReference; lastKnownFileType = sourcecode.swift; path = ViewController.swift; sourceTree = "<group>"; };
		B091815E1D35B90C00B50DF2 /* Base */ = {isa = PBXFileReference; lastKnownFileType = file.storyboard; name = Base; path = Base.lproj/Main.storyboard; sourceTree = "<group>"; };
		B09181601D35B90C00B50DF2 /* Assets.xcassets */ = {isa = PBXFileReference; lastKnownFileType = folder.assetcatalog; path = Assets.xcassets; sourceTree = "<group>"; };
		B09181631D35B90C00B50DF2 /* Base */ = {isa = PBXFileReference; lastKnownFileType = file.storyboard; name = Base; path = Base.lproj/LaunchScreen.storyboard; sourceTree = "<group>"; };
		B09181651D35B90C00B50DF2 /* Info.plist */ = {isa = PBXFileReference; lastKnownFileType = text.plist.xml; path = Info.plist; sourceTree = "<group>"; };
		B091816F1D35B9C700B50DF2 /* Tests.xctest */ = {isa = PBXFileReference; explicitFileType = wrapper.cfbundle; includeInIndex = 0; path = Tests.xctest; sourceTree = BUILT_PRODUCTS_DIR; };
		B09181711D35B9C700B50DF2 /* Tests.swift */ = {isa = PBXFileReference; lastKnownFileType = sourcecode.swift; path = Tests.swift; sourceTree = "<group>"; };
		B09181731D35B9C700B50DF2 /* Info.plist */ = {isa = PBXFileReference; lastKnownFileType = text.plist.xml; path = Info.plist; sourceTree = "<group>"; };
		B091817B1D35C37F00B50DF2 /* Person.swift */ = {isa = PBXFileReference; fileEncoding = 4; lastKnownFileType = sourcecode.swift; path = Person.swift; sourceTree = "<group>"; };
		BB9AD2E7C82A02466117CC05 /* Pods-Tests.release.xcconfig */ = {isa = PBXFileReference; includeInIndex = 1; lastKnownFileType = text.xcconfig; name = "Pods-Tests.release.xcconfig"; path = "Pods/Target Support Files/Pods-Tests/Pods-Tests.release.xcconfig"; sourceTree = "<group>"; };
		F05EF961B46375D5047FBE8E /* Pods_Tests.framework */ = {isa = PBXFileReference; explicitFileType = wrapper.framework; includeInIndex = 0; path = Pods_Tests.framework; sourceTree = BUILT_PRODUCTS_DIR; };
		FBA1A6D1BF55FAD5C2D7756E /* Pods-Demo.release.xcconfig */ = {isa = PBXFileReference; includeInIndex = 1; lastKnownFileType = text.xcconfig; name = "Pods-Demo.release.xcconfig"; path = "Pods/Target Support Files/Pods-Demo/Pods-Demo.release.xcconfig"; sourceTree = "<group>"; };
/* End PBXFileReference section */

/* Begin PBXFrameworksBuildPhase section */
		B09181531D35B90C00B50DF2 /* Frameworks */ = {
			isa = PBXFrameworksBuildPhase;
			buildActionMask = 2147483647;
			files = (
				5341395C6675957AEE155E98 /* Pods_Demo.framework in Frameworks */,
			);
			runOnlyForDeploymentPostprocessing = 0;
		};
		B091816C1D35B9C700B50DF2 /* Frameworks */ = {
			isa = PBXFrameworksBuildPhase;
			buildActionMask = 2147483647;
			files = (
				9A8B5FD4D2AA7CB7B5652739 /* Pods_Tests.framework in Frameworks */,
			);
			runOnlyForDeploymentPostprocessing = 0;
		};
/* End PBXFrameworksBuildPhase section */

/* Begin PBXGroup section */
		8C1A00344DFEAC4E4CF8532C /* Pods */ = {
			isa = PBXGroup;
			children = (
				75F3CAB6ED10AF45EDB239ED /* Pods-Demo.debug.xcconfig */,
				FBA1A6D1BF55FAD5C2D7756E /* Pods-Demo.release.xcconfig */,
				0E4F0903DD1E1C9D3A0A3F14 /* Pods-Tests.debug.xcconfig */,
				BB9AD2E7C82A02466117CC05 /* Pods-Tests.release.xcconfig */,
			);
			name = Pods;
			sourceTree = "<group>";
		};
		B091814D1D35B90C00B50DF2 = {
			isa = PBXGroup;
			children = (
				B09181581D35B90C00B50DF2 /* Demo */,
				B09181701D35B9C700B50DF2 /* Tests */,
				B09181571D35B90C00B50DF2 /* Products */,
				8C1A00344DFEAC4E4CF8532C /* Pods */,
				BEC564AA5DB74FCBAD31D1A2 /* Frameworks */,
			);
			sourceTree = "<group>";
		};
		B09181571D35B90C00B50DF2 /* Products */ = {
			isa = PBXGroup;
			children = (
				B09181561D35B90C00B50DF2 /* Demo.app */,
				B091816F1D35B9C700B50DF2 /* Tests.xctest */,
			);
			name = Products;
			sourceTree = "<group>";
		};
		B09181581D35B90C00B50DF2 /* Demo */ = {
			isa = PBXGroup;
			children = (
				B091817B1D35C37F00B50DF2 /* Person.swift */,
				B09181591D35B90C00B50DF2 /* AppDelegate.swift */,
				B091815B1D35B90C00B50DF2 /* ViewController.swift */,
				B091815D1D35B90C00B50DF2 /* Main.storyboard */,
				B09181601D35B90C00B50DF2 /* Assets.xcassets */,
				B09181621D35B90C00B50DF2 /* LaunchScreen.storyboard */,
				B09181651D35B90C00B50DF2 /* Info.plist */,
			);
			path = Demo;
			sourceTree = "<group>";
		};
		B09181701D35B9C700B50DF2 /* Tests */ = {
			isa = PBXGroup;
			children = (
				B09181711D35B9C700B50DF2 /* Tests.swift */,
				B09181731D35B9C700B50DF2 /* Info.plist */,
			);
			path = Tests;
			sourceTree = "<group>";
		};
		BEC564AA5DB74FCBAD31D1A2 /* Frameworks */ = {
			isa = PBXGroup;
			children = (
				6C9252637B9D1E618B730E05 /* Pods_Demo.framework */,
				F05EF961B46375D5047FBE8E /* Pods_Tests.framework */,
			);
			name = Frameworks;
			sourceTree = "<group>";
		};
/* End PBXGroup section */

/* Begin PBXNativeTarget section */
		B09181551D35B90C00B50DF2 /* Demo */ = {
			isa = PBXNativeTarget;
			buildConfigurationList = B09181681D35B90C00B50DF2 /* Build configuration list for PBXNativeTarget "Demo" */;
			buildPhases = (
				4F58B392684F0D5AF37EDB6A /* [CP] Check Pods Manifest.lock */,
				B09181521D35B90C00B50DF2 /* Sources */,
				B09181531D35B90C00B50DF2 /* Frameworks */,
				B09181541D35B90C00B50DF2 /* Resources */,
				278414B3304F396C829D3637 /* [CP] Embed Pods Frameworks */,
				E9612300B1732F6FA27BC2A3 /* [CP] Copy Pods Resources */,
			);
			buildRules = (
			);
			dependencies = (
			);
			name = Demo;
			productName = Demo;
			productReference = B09181561D35B90C00B50DF2 /* Demo.app */;
			productType = "com.apple.product-type.application";
		};
		B091816E1D35B9C700B50DF2 /* Tests */ = {
			isa = PBXNativeTarget;
			buildConfigurationList = B09181781D35B9C700B50DF2 /* Build configuration list for PBXNativeTarget "Tests" */;
			buildPhases = (
				9981E8FED1EECF8254005859 /* [CP] Check Pods Manifest.lock */,
				B091816B1D35B9C700B50DF2 /* Sources */,
				B091816C1D35B9C700B50DF2 /* Frameworks */,
				B091816D1D35B9C700B50DF2 /* Resources */,
				5ECD482C2DDB630A5CEF652D /* [CP] Embed Pods Frameworks */,
				7A8812F7FD21FA02E166024C /* [CP] Copy Pods Resources */,
			);
			buildRules = (
			);
			dependencies = (
				B09181751D35B9C700B50DF2 /* PBXTargetDependency */,
			);
			name = Tests;
			productName = Tests;
			productReference = B091816F1D35B9C700B50DF2 /* Tests.xctest */;
			productType = "com.apple.product-type.bundle.unit-test";
		};
/* End PBXNativeTarget section */

/* Begin PBXProject section */
		B091814E1D35B90C00B50DF2 /* Project object */ = {
			isa = PBXProject;
			attributes = {
				LastSwiftUpdateCheck = 0730;
				LastUpgradeCheck = 0800;
				ORGANIZATIONNAME = "steven rogers";
				TargetAttributes = {
					B09181551D35B90C00B50DF2 = {
						CreatedOnToolsVersion = 7.3.1;
						LastSwiftMigration = 0800;
					};
					B091816E1D35B9C700B50DF2 = {
						CreatedOnToolsVersion = 7.3.1;
						LastSwiftMigration = 0800;
						TestTargetID = B09181551D35B90C00B50DF2;
					};
				};
			};
			buildConfigurationList = B09181511D35B90C00B50DF2 /* Build configuration list for PBXProject "Demo" */;
			compatibilityVersion = "Xcode 3.2";
			developmentRegion = English;
			hasScannedForEncodings = 0;
			knownRegions = (
				en,
				Base,
			);
			mainGroup = B091814D1D35B90C00B50DF2;
			productRefGroup = B09181571D35B90C00B50DF2 /* Products */;
			projectDirPath = "";
			projectRoot = "";
			targets = (
				B09181551D35B90C00B50DF2 /* Demo */,
				B091816E1D35B9C700B50DF2 /* Tests */,
			);
		};
/* End PBXProject section */

/* Begin PBXResourcesBuildPhase section */
		B09181541D35B90C00B50DF2 /* Resources */ = {
			isa = PBXResourcesBuildPhase;
			buildActionMask = 2147483647;
			files = (
				B09181641D35B90C00B50DF2 /* LaunchScreen.storyboard in Resources */,
				B09181611D35B90C00B50DF2 /* Assets.xcassets in Resources */,
				B091815F1D35B90C00B50DF2 /* Main.storyboard in Resources */,
			);
			runOnlyForDeploymentPostprocessing = 0;
		};
		B091816D1D35B9C700B50DF2 /* Resources */ = {
			isa = PBXResourcesBuildPhase;
			buildActionMask = 2147483647;
			files = (
			);
			runOnlyForDeploymentPostprocessing = 0;
		};
/* End PBXResourcesBuildPhase section */

/* Begin PBXShellScriptBuildPhase section */
		278414B3304F396C829D3637 /* [CP] Embed Pods Frameworks */ = {
			isa = PBXShellScriptBuildPhase;
			buildActionMask = 2147483647;
			files = (
			);
			inputPaths = (
			);
			name = "[CP] Embed Pods Frameworks";
			outputPaths = (
			);
			runOnlyForDeploymentPostprocessing = 0;
			shellPath = /bin/sh;
			shellScript = "\"${SRCROOT}/Pods/Target Support Files/Pods-Demo/Pods-Demo-frameworks.sh\"\n";
			showEnvVarsInLog = 0;
		};
		4F58B392684F0D5AF37EDB6A /* [CP] Check Pods Manifest.lock */ = {
			isa = PBXShellScriptBuildPhase;
			buildActionMask = 2147483647;
			files = (
			);
			inputPaths = (
			);
			name = "[CP] Check Pods Manifest.lock";
			outputPaths = (
			);
			runOnlyForDeploymentPostprocessing = 0;
			shellPath = /bin/sh;
			shellScript = "diff \"${PODS_ROOT}/../Podfile.lock\" \"${PODS_ROOT}/Manifest.lock\" > /dev/null\nif [ $? != 0 ] ; then\n    # print error to STDERR\n    echo \"error: The sandbox is not in sync with the Podfile.lock. Run 'pod install' or update your CocoaPods installation.\" >&2\n    exit 1\nfi\n";
			showEnvVarsInLog = 0;
		};
		5ECD482C2DDB630A5CEF652D /* [CP] Embed Pods Frameworks */ = {
			isa = PBXShellScriptBuildPhase;
			buildActionMask = 2147483647;
			files = (
			);
			inputPaths = (
			);
			name = "[CP] Embed Pods Frameworks";
			outputPaths = (
			);
			runOnlyForDeploymentPostprocessing = 0;
			shellPath = /bin/sh;
			shellScript = "\"${SRCROOT}/Pods/Target Support Files/Pods-Tests/Pods-Tests-frameworks.sh\"\n";
			showEnvVarsInLog = 0;
		};
		7A8812F7FD21FA02E166024C /* [CP] Copy Pods Resources */ = {
			isa = PBXShellScriptBuildPhase;
			buildActionMask = 2147483647;
			files = (
			);
			inputPaths = (
			);
			name = "[CP] Copy Pods Resources";
			outputPaths = (
			);
			runOnlyForDeploymentPostprocessing = 0;
			shellPath = /bin/sh;
			shellScript = "\"${SRCROOT}/Pods/Target Support Files/Pods-Tests/Pods-Tests-resources.sh\"\n";
			showEnvVarsInLog = 0;
		};
		9981E8FED1EECF8254005859 /* [CP] Check Pods Manifest.lock */ = {
			isa = PBXShellScriptBuildPhase;
			buildActionMask = 2147483647;
			files = (
			);
			inputPaths = (
			);
			name = "[CP] Check Pods Manifest.lock";
			outputPaths = (
			);
			runOnlyForDeploymentPostprocessing = 0;
			shellPath = /bin/sh;
			shellScript = "diff \"${PODS_ROOT}/../Podfile.lock\" \"${PODS_ROOT}/Manifest.lock\" > /dev/null\nif [ $? != 0 ] ; then\n    # print error to STDERR\n    echo \"error: The sandbox is not in sync with the Podfile.lock. Run 'pod install' or update your CocoaPods installation.\" >&2\n    exit 1\nfi\n";
			showEnvVarsInLog = 0;
		};
		E9612300B1732F6FA27BC2A3 /* [CP] Copy Pods Resources */ = {
			isa = PBXShellScriptBuildPhase;
			buildActionMask = 2147483647;
			files = (
			);
			inputPaths = (
			);
			name = "[CP] Copy Pods Resources";
			outputPaths = (
			);
			runOnlyForDeploymentPostprocessing = 0;
			shellPath = /bin/sh;
			shellScript = "\"${SRCROOT}/Pods/Target Support Files/Pods-Demo/Pods-Demo-resources.sh\"\n";
			showEnvVarsInLog = 0;
		};
/* End PBXShellScriptBuildPhase section */

/* Begin PBXSourcesBuildPhase section */
		B09181521D35B90C00B50DF2 /* Sources */ = {
			isa = PBXSourcesBuildPhase;
			buildActionMask = 2147483647;
			files = (
				B091817C1D35C37F00B50DF2 /* Person.swift in Sources */,
				B091815C1D35B90C00B50DF2 /* ViewController.swift in Sources */,
				B091815A1D35B90C00B50DF2 /* AppDelegate.swift in Sources */,
			);
			runOnlyForDeploymentPostprocessing = 0;
		};
		B091816B1D35B9C700B50DF2 /* Sources */ = {
			isa = PBXSourcesBuildPhase;
			buildActionMask = 2147483647;
			files = (
				B09181721D35B9C700B50DF2 /* Tests.swift in Sources */,
			);
			runOnlyForDeploymentPostprocessing = 0;
		};
/* End PBXSourcesBuildPhase section */

/* Begin PBXTargetDependency section */
		B09181751D35B9C700B50DF2 /* PBXTargetDependency */ = {
			isa = PBXTargetDependency;
			target = B09181551D35B90C00B50DF2 /* Demo */;
			targetProxy = B09181741D35B9C700B50DF2 /* PBXContainerItemProxy */;
		};
/* End PBXTargetDependency section */

/* Begin PBXVariantGroup section */
		B091815D1D35B90C00B50DF2 /* Main.storyboard */ = {
			isa = PBXVariantGroup;
			children = (
				B091815E1D35B90C00B50DF2 /* Base */,
			);
			name = Main.storyboard;
			sourceTree = "<group>";
		};
		B09181621D35B90C00B50DF2 /* LaunchScreen.storyboard */ = {
			isa = PBXVariantGroup;
			children = (
				B09181631D35B90C00B50DF2 /* Base */,
			);
			name = LaunchScreen.storyboard;
			sourceTree = "<group>";
		};
/* End PBXVariantGroup section */

/* Begin XCBuildConfiguration section */
		B09181661D35B90C00B50DF2 /* Debug */ = {
			isa = XCBuildConfiguration;
			buildSettings = {
				ALWAYS_SEARCH_USER_PATHS = NO;
				CLANG_ANALYZER_NONNULL = YES;
				CLANG_CXX_LANGUAGE_STANDARD = "gnu++0x";
				CLANG_CXX_LIBRARY = "libc++";
				CLANG_ENABLE_MODULES = YES;
				CLANG_ENABLE_OBJC_ARC = YES;
				CLANG_WARN_BOOL_CONVERSION = YES;
				CLANG_WARN_CONSTANT_CONVERSION = YES;
				CLANG_WARN_DIRECT_OBJC_ISA_USAGE = YES_ERROR;
				CLANG_WARN_EMPTY_BODY = YES;
				CLANG_WARN_ENUM_CONVERSION = YES;
				CLANG_WARN_INFINITE_RECURSION = YES;
				CLANG_WARN_INT_CONVERSION = YES;
				CLANG_WARN_OBJC_ROOT_CLASS = YES_ERROR;
				CLANG_WARN_SUSPICIOUS_MOVE = YES;
				CLANG_WARN_UNREACHABLE_CODE = YES;
				CLANG_WARN__DUPLICATE_METHOD_MATCH = YES;
				"CODE_SIGN_IDENTITY[sdk=iphoneos*]" = "iPhone Developer";
				COPY_PHASE_STRIP = NO;
				DEBUG_INFORMATION_FORMAT = dwarf;
				ENABLE_STRICT_OBJC_MSGSEND = YES;
				ENABLE_TESTABILITY = YES;
				GCC_C_LANGUAGE_STANDARD = gnu99;
				GCC_DYNAMIC_NO_PIC = NO;
				GCC_NO_COMMON_BLOCKS = YES;
				GCC_OPTIMIZATION_LEVEL = 0;
				GCC_PREPROCESSOR_DEFINITIONS = (
					"DEBUG=1",
					"$(inherited)",
				);
				GCC_WARN_64_TO_32_BIT_CONVERSION = YES;
				GCC_WARN_ABOUT_RETURN_TYPE = YES_ERROR;
				GCC_WARN_UNDECLARED_SELECTOR = YES;
				GCC_WARN_UNINITIALIZED_AUTOS = YES_AGGRESSIVE;
				GCC_WARN_UNUSED_FUNCTION = YES;
				GCC_WARN_UNUSED_VARIABLE = YES;
				IPHONEOS_DEPLOYMENT_TARGET = 9.3;
				MTL_ENABLE_DEBUG_INFO = YES;
				ONLY_ACTIVE_ARCH = YES;
				SDKROOT = iphoneos;
				SWIFT_OPTIMIZATION_LEVEL = "-Onone";
				TARGETED_DEVICE_FAMILY = "1,2";
			};
			name = Debug;
		};
		B09181671D35B90C00B50DF2 /* Release */ = {
			isa = XCBuildConfiguration;
			buildSettings = {
				ALWAYS_SEARCH_USER_PATHS = NO;
				CLANG_ANALYZER_NONNULL = YES;
				CLANG_CXX_LANGUAGE_STANDARD = "gnu++0x";
				CLANG_CXX_LIBRARY = "libc++";
				CLANG_ENABLE_MODULES = YES;
				CLANG_ENABLE_OBJC_ARC = YES;
				CLANG_WARN_BOOL_CONVERSION = YES;
				CLANG_WARN_CONSTANT_CONVERSION = YES;
				CLANG_WARN_DIRECT_OBJC_ISA_USAGE = YES_ERROR;
				CLANG_WARN_EMPTY_BODY = YES;
				CLANG_WARN_ENUM_CONVERSION = YES;
				CLANG_WARN_INFINITE_RECURSION = YES;
				CLANG_WARN_INT_CONVERSION = YES;
				CLANG_WARN_OBJC_ROOT_CLASS = YES_ERROR;
				CLANG_WARN_SUSPICIOUS_MOVE = YES;
				CLANG_WARN_UNREACHABLE_CODE = YES;
				CLANG_WARN__DUPLICATE_METHOD_MATCH = YES;
				"CODE_SIGN_IDENTITY[sdk=iphoneos*]" = "iPhone Developer";
				COPY_PHASE_STRIP = NO;
				DEBUG_INFORMATION_FORMAT = "dwarf-with-dsym";
				ENABLE_NS_ASSERTIONS = NO;
				ENABLE_STRICT_OBJC_MSGSEND = YES;
				GCC_C_LANGUAGE_STANDARD = gnu99;
				GCC_NO_COMMON_BLOCKS = YES;
				GCC_WARN_64_TO_32_BIT_CONVERSION = YES;
				GCC_WARN_ABOUT_RETURN_TYPE = YES_ERROR;
				GCC_WARN_UNDECLARED_SELECTOR = YES;
				GCC_WARN_UNINITIALIZED_AUTOS = YES_AGGRESSIVE;
				GCC_WARN_UNUSED_FUNCTION = YES;
				GCC_WARN_UNUSED_VARIABLE = YES;
				IPHONEOS_DEPLOYMENT_TARGET = 9.3;
				MTL_ENABLE_DEBUG_INFO = NO;
				SDKROOT = iphoneos;
				SWIFT_OPTIMIZATION_LEVEL = "-Owholemodule";
				TARGETED_DEVICE_FAMILY = "1,2";
				VALIDATE_PRODUCT = YES;
			};
			name = Release;
		};
		B09181691D35B90C00B50DF2 /* Debug */ = {
			isa = XCBuildConfiguration;
			baseConfigurationReference = 75F3CAB6ED10AF45EDB239ED /* Pods-Demo.debug.xcconfig */;
			buildSettings = {
				ALWAYS_EMBED_SWIFT_STANDARD_LIBRARIES = YES;
				ASSETCATALOG_COMPILER_APPICON_NAME = AppIcon;
				INFOPLIST_FILE = Demo/Info.plist;
				LD_RUNPATH_SEARCH_PATHS = "$(inherited) @executable_path/Frameworks";
				PRODUCT_BUNDLE_IDENTIFIER = net.srogers.Demo;
				PRODUCT_NAME = "$(TARGET_NAME)";
				SWIFT_VERSION = 3.0;
			};
			name = Debug;
		};
		B091816A1D35B90C00B50DF2 /* Release */ = {
			isa = XCBuildConfiguration;
			baseConfigurationReference = FBA1A6D1BF55FAD5C2D7756E /* Pods-Demo.release.xcconfig */;
			buildSettings = {
				ALWAYS_EMBED_SWIFT_STANDARD_LIBRARIES = YES;
				ASSETCATALOG_COMPILER_APPICON_NAME = AppIcon;
				INFOPLIST_FILE = Demo/Info.plist;
				LD_RUNPATH_SEARCH_PATHS = "$(inherited) @executable_path/Frameworks";
				PRODUCT_BUNDLE_IDENTIFIER = net.srogers.Demo;
				PRODUCT_NAME = "$(TARGET_NAME)";
				SWIFT_VERSION = 3.0;
			};
			name = Release;
		};
		B09181761D35B9C700B50DF2 /* Debug */ = {
			isa = XCBuildConfiguration;
			baseConfigurationReference = 0E4F0903DD1E1C9D3A0A3F14 /* Pods-Tests.debug.xcconfig */;
			buildSettings = {
				ALWAYS_EMBED_SWIFT_STANDARD_LIBRARIES = YES;
				BUNDLE_LOADER = "$(TEST_HOST)";
				INFOPLIST_FILE = Tests/Info.plist;
				LD_RUNPATH_SEARCH_PATHS = "$(inherited) @executable_path/Frameworks @loader_path/Frameworks";
				PRODUCT_BUNDLE_IDENTIFIER = net.srogers.Tests;
				PRODUCT_NAME = "$(TARGET_NAME)";
				SWIFT_VERSION = 3.0;
				TEST_HOST = "$(BUILT_PRODUCTS_DIR)/Demo.app/Demo";
			};
			name = Debug;
		};
		B09181771D35B9C700B50DF2 /* Release */ = {
			isa = XCBuildConfiguration;
			baseConfigurationReference = BB9AD2E7C82A02466117CC05 /* Pods-Tests.release.xcconfig */;
			buildSettings = {
				ALWAYS_EMBED_SWIFT_STANDARD_LIBRARIES = YES;
				BUNDLE_LOADER = "$(TEST_HOST)";
				INFOPLIST_FILE = Tests/Info.plist;
				LD_RUNPATH_SEARCH_PATHS = "$(inherited) @executable_path/Frameworks @loader_path/Frameworks";
				PRODUCT_BUNDLE_IDENTIFIER = net.srogers.Tests;
				PRODUCT_NAME = "$(TARGET_NAME)";
				SWIFT_VERSION = 3.0;
				TEST_HOST = "$(BUILT_PRODUCTS_DIR)/Demo.app/Demo";
			};
			name = Release;
		};
/* End XCBuildConfiguration section */

/* Begin XCConfigurationList section */
		B09181511D35B90C00B50DF2 /* Build configuration list for PBXProject "Demo" */ = {
			isa = XCConfigurationList;
			buildConfigurations = (
				B09181661D35B90C00B50DF2 /* Debug */,
				B09181671D35B90C00B50DF2 /* Release */,
			);
			defaultConfigurationIsVisible = 0;
			defaultConfigurationName = Release;
		};
		B09181681D35B90C00B50DF2 /* Build configuration list for PBXNativeTarget "Demo" */ = {
			isa = XCConfigurationList;
			buildConfigurations = (
				B09181691D35B90C00B50DF2 /* Debug */,
				B091816A1D35B90C00B50DF2 /* Release */,
			);
			defaultConfigurationIsVisible = 0;
			defaultConfigurationName = Release;
		};
		B09181781D35B9C700B50DF2 /* Build configuration list for PBXNativeTarget "Tests" */ = {
			isa = XCConfigurationList;
			buildConfigurations = (
				B09181761D35B9C700B50DF2 /* Debug */,
				B09181771D35B9C700B50DF2 /* Release */,
			);
			defaultConfigurationIsVisible = 0;
			defaultConfigurationName = Release;
		};
/* End XCConfigurationList section */
	};
	rootObject = B091814E1D35B90C00B50DF2 /* Project object */;
}
